// !$*UTF8*$!
{
	archiveVersion = 1;
	classes = {
	};
	objectVersion = 50;
	objects = {

/* Begin PBXBuildFile section */
		55037B90212E8F2B00E98033 /* AppDelegate.swift in Sources */ = {isa = PBXBuildFile; fileRef = 55037B8F212E8F2B00E98033 /* AppDelegate.swift */; };
		55037B92212E8F2B00E98033 /* ListViewController.swift in Sources */ = {isa = PBXBuildFile; fileRef = 55037B91212E8F2B00E98033 /* ListViewController.swift */; };
		55037B95212E8F2B00E98033 /* Main.storyboard in Resources */ = {isa = PBXBuildFile; fileRef = 55037B93212E8F2B00E98033 /* Main.storyboard */; };
		55037B97212E8F2D00E98033 /* Assets.xcassets in Resources */ = {isa = PBXBuildFile; fileRef = 55037B96212E8F2D00E98033 /* Assets.xcassets */; };
		55037B9A212E8F2D00E98033 /* LaunchScreen.storyboard in Resources */ = {isa = PBXBuildFile; fileRef = 55037B98212E8F2D00E98033 /* LaunchScreen.storyboard */; };
		55037BA5212E939B00E98033 /* ToDoItemCell.swift in Sources */ = {isa = PBXBuildFile; fileRef = 55037BA4212E939B00E98033 /* ToDoItemCell.swift */; };
/* End PBXBuildFile section */

/* Begin PBXFileReference section */
		55037B8C212E8F2B00E98033 /* MakeAList.app */ = {isa = PBXFileReference; explicitFileType = wrapper.application; includeInIndex = 0; path = MakeAList.app; sourceTree = BUILT_PRODUCTS_DIR; };
		55037B8F212E8F2B00E98033 /* AppDelegate.swift */ = {isa = PBXFileReference; lastKnownFileType = sourcecode.swift; path = AppDelegate.swift; sourceTree = "<group>"; };
		55037B91212E8F2B00E98033 /* ListViewController.swift */ = {isa = PBXFileReference; lastKnownFileType = sourcecode.swift; path = ListViewController.swift; sourceTree = "<group>"; };
		55037B94212E8F2B00E98033 /* Base */ = {isa = PBXFileReference; lastKnownFileType = file.storyboard; name = Base; path = Base.lproj/Main.storyboard; sourceTree = "<group>"; };
		55037B96212E8F2D00E98033 /* Assets.xcassets */ = {isa = PBXFileReference; lastKnownFileType = folder.assetcatalog; path = Assets.xcassets; sourceTree = "<group>"; };
		55037B99212E8F2D00E98033 /* Base */ = {isa = PBXFileReference; lastKnownFileType = file.storyboard; name = Base; path = Base.lproj/LaunchScreen.storyboard; sourceTree = "<group>"; };
		55037B9B212E8F2D00E98033 /* Info.plist */ = {isa = PBXFileReference; lastKnownFileType = text.plist.xml; path = Info.plist; sourceTree = "<group>"; };
		55037BA4212E939B00E98033 /* ToDoItemCell.swift */ = {isa = PBXFileReference; lastKnownFileType = sourcecode.swift; path = ToDoItemCell.swift; sourceTree = "<group>"; };
/* End PBXFileReference section */

/* Begin PBXFrameworksBuildPhase section */
		55037B89212E8F2B00E98033 /* Frameworks */ = {
			isa = PBXFrameworksBuildPhase;
			buildActionMask = 2147483647;
			files = (
			);
			runOnlyForDeploymentPostprocessing = 0;
		};
/* End PBXFrameworksBuildPhase section */

/* Begin PBXGroup section */
		55037B83212E8F2B00E98033 = {
			isa = PBXGroup;
			children = (
				55037B8E212E8F2B00E98033 /* MakeAList */,
				55037B8D212E8F2B00E98033 /* Products */,
			);
			sourceTree = "<group>";
		};
		55037B8D212E8F2B00E98033 /* Products */ = {
			isa = PBXGroup;
			children = (
				55037B8C212E8F2B00E98033 /* MakeAList.app */,
			);
			name = Products;
			sourceTree = "<group>";
		};
		55037B8E212E8F2B00E98033 /* MakeAList */ = {
			isa = PBXGroup;
			children = (
				55037B8F212E8F2B00E98033 /* AppDelegate.swift */,
				55037B93212E8F2B00E98033 /* Main.storyboard */,
				55037BA3212E913400E98033 /* Model */,
				55037BA2212E912D00E98033 /* Views */,
				55037BA1212E911C00E98033 /* Controllers */,
				55037B96212E8F2D00E98033 /* Assets.xcassets */,
				55037B98212E8F2D00E98033 /* LaunchScreen.storyboard */,
				55037B9B212E8F2D00E98033 /* Info.plist */,
				55037BA4212E939B00E98033 /* ToDoItemCell.swift */,
			);
			path = MakeAList;
			sourceTree = "<group>";
		};
		55037BA1212E911C00E98033 /* Controllers */ = {
			isa = PBXGroup;
			children = (
				55037B91212E8F2B00E98033 /* ListViewController.swift */,
			);
			path = Controllers;
			sourceTree = "<group>";
		};
		55037BA2212E912D00E98033 /* Views */ = {
			isa = PBXGroup;
			children = (
			);
			path = Views;
			sourceTree = "<group>";
		};
		55037BA3212E913400E98033 /* Model */ = {
			isa = PBXGroup;
			children = (
			);
			path = Model;
			sourceTree = "<group>";
		};
/* End PBXGroup section */

/* Begin PBXNativeTarget section */
		55037B8B212E8F2B00E98033 /* MakeAList */ = {
			isa = PBXNativeTarget;
			buildConfigurationList = 55037B9E212E8F2D00E98033 /* Build configuration list for PBXNativeTarget "MakeAList" */;
			buildPhases = (
				55037B88212E8F2B00E98033 /* Sources */,
				55037B89212E8F2B00E98033 /* Frameworks */,
				55037B8A212E8F2B00E98033 /* Resources */,
			);
			buildRules = (
			);
			dependencies = (
			);
			name = MakeAList;
			productName = MakeAList;
			productReference = 55037B8C212E8F2B00E98033 /* MakeAList.app */;
			productType = "com.apple.product-type.application";
		};
/* End PBXNativeTarget section */

/* Begin PBXProject section */
		55037B84212E8F2B00E98033 /* Project object */ = {
			isa = PBXProject;
			attributes = {
				LastSwiftUpdateCheck = 0940;
				LastUpgradeCheck = 0940;
				ORGANIZATIONNAME = dave;
				TargetAttributes = {
					55037B8B212E8F2B00E98033 = {
						CreatedOnToolsVersion = 9.4.1;
					};
				};
			};
			buildConfigurationList = 55037B87212E8F2B00E98033 /* Build configuration list for PBXProject "MakeAList" */;
			compatibilityVersion = "Xcode 9.3";
			developmentRegion = en;
			hasScannedForEncodings = 0;
			knownRegions = (
				en,
				Base,
			);
			mainGroup = 55037B83212E8F2B00E98033;
			productRefGroup = 55037B8D212E8F2B00E98033 /* Products */;
			projectDirPath = "";
			projectRoot = "";
			targets = (
				55037B8B212E8F2B00E98033 /* MakeAList */,
			);
		};
/* End PBXProject section */

/* Begin PBXResourcesBuildPhase section */
		55037B8A212E8F2B00E98033 /* Resources */ = {
			isa = PBXResourcesBuildPhase;
			buildActionMask = 2147483647;
			files = (
				55037B9A212E8F2D00E98033 /* LaunchScreen.storyboard in Resources */,
				55037B97212E8F2D00E98033 /* Assets.xcassets in Resources */,
				55037B95212E8F2B00E98033 /* Main.storyboard in Resources */,
			);
			runOnlyForDeploymentPostprocessing = 0;
		};
/* End PBXResourcesBuildPhase section */

/* Begin PBXSourcesBuildPhase section */
		55037B88212E8F2B00E98033 /* Sources */ = {
			isa = PBXSourcesBuildPhase;
			buildActionMask = 2147483647;
			files = (
				55037BA5212E939B00E98033 /* ToDoItemCell.swift in Sources */,
				55037B92212E8F2B00E98033 /* ListViewController.swift in Sources */,
				55037B90212E8F2B00E98033 /* AppDelegate.swift in Sources */,
			);
			runOnlyForDeploymentPostprocessing = 0;
		};
/* End PBXSourcesBuildPhase section */

/* Begin PBXVariantGroup section */
		55037B93212E8F2B00E98033 /* Main.storyboard */ = {
			isa = PBXVariantGroup;
			children = (
				55037B94212E8F2B00E98033 /* Base */,
			);
			name = Main.storyboard;
			sourceTree = "<group>";
		};
		55037B98212E8F2D00E98033 /* LaunchScreen.storyboard */ = {
			isa = PBXVariantGroup;
			children = (
				55037B99212E8F2D00E98033 /* Base */,
			);
			name = LaunchScreen.storyboard;
			sourceTree = "<group>";
		};
/* End PBXVariantGroup section */

/* Begin XCBuildConfiguration section */
		55037B9C212E8F2D00E98033 /* Debug */ = {
			isa = XCBuildConfiguration;
			buildSettings = {
				ALWAYS_SEARCH_USER_PATHS = NO;
				CLANG_ANALYZER_NONNULL = YES;
				CLANG_ANALYZER_NUMBER_OBJECT_CONVERSION = YES_AGGRESSIVE;
				CLANG_CXX_LANGUAGE_STANDARD = "gnu++14";
				CLANG_CXX_LIBRARY = "libc++";
				CLANG_ENABLE_MODULES = YES;
				CLANG_ENABLE_OBJC_ARC = YES;
				CLANG_ENABLE_OBJC_WEAK = YES;
				CLANG_WARN_BLOCK_CAPTURE_AUTORELEASING = YES;
				CLANG_WARN_BOOL_CONVERSION = YES;
				CLANG_WARN_COMMA = YES;
				CLANG_WARN_CONSTANT_CONVERSION = YES;
				CLANG_WARN_DEPRECATED_OBJC_IMPLEMENTATIONS = YES;
				CLANG_WARN_DIRECT_OBJC_ISA_USAGE = YES_ERROR;
				CLANG_WARN_DOCUMENTATION_COMMENTS = YES;
				CLANG_WARN_EMPTY_BODY = YES;
				CLANG_WARN_ENUM_CONVERSION = YES;
				CLANG_WARN_INFINITE_RECURSION = YES;
				CLANG_WARN_INT_CONVERSION = YES;
				CLANG_WARN_NON_LITERAL_NULL_CONVERSION = YES;
				CLANG_WARN_OBJC_IMPLICIT_RETAIN_SELF = YES;
				CLANG_WARN_OBJC_LITERAL_CONVERSION = YES;
				CLANG_WARN_OBJC_ROOT_CLASS = YES_ERROR;
				CLANG_WARN_RANGE_LOOP_ANALYSIS = YES;
				CLANG_WARN_STRICT_PROTOTYPES = YES;
				CLANG_WARN_SUSPICIOUS_MOVE = YES;
				CLANG_WARN_UNGUARDED_AVAILABILITY = YES_AGGRESSIVE;
				CLANG_WARN_UNREACHABLE_CODE = YES;
				CLANG_WARN__DUPLICATE_METHOD_MATCH = YES;
				CODE_SIGN_IDENTITY = "iPhone Developer";
				COPY_PHASE_STRIP = NO;
				DEBUG_INFORMATION_FORMAT = dwarf;
				ENABLE_STRICT_OBJC_MSGSEND = YES;
				ENABLE_TESTABILITY = YES;
				GCC_C_LANGUAGE_STANDARD = gnu11;
				GCC_DYNAMIC_NO_PIC = NO;
				GCC_NO_COMMON_BLOCKS = YES;
				GCC_OPTIMIZATION_LEVEL = 0;
				GCC_PREPROCESSOR_DEFINITIONS = (
					"DEBUG=1",
					"$(inherited)",
				);
				GCC_WARN_64_TO_32_BIT_CONVERSION = YES;
				GCC_WARN_ABOUT_RETURN_TYPE = YES_ERROR;
				GCC_WARN_UNDECLARED_SELECTOR = YES;
				GCC_WARN_UNINITIALIZED_AUTOS = YES_AGGRESSIVE;
				GCC_WARN_UNUSED_FUNCTION = YES;
				GCC_WARN_UNUSED_VARIABLE = YES;
				IPHONEOS_DEPLOYMENT_TARGET = 11.4;
				MTL_ENABLE_DEBUG_INFO = YES;
				ONLY_ACTIVE_ARCH = YES;
				SDKROOT = iphoneos;
				SWIFT_ACTIVE_COMPILATION_CONDITIONS = DEBUG;
				SWIFT_OPTIMIZATION_LEVEL = "-Onone";
			};
			name = Debug;
		};
		55037B9D212E8F2D00E98033 /* Release */ = {
			isa = XCBuildConfiguration;
			buildSettings = {
				ALWAYS_SEARCH_USER_PATHS = NO;
				CLANG_ANALYZER_NONNULL = YES;
				CLANG_ANALYZER_NUMBER_OBJECT_CONVERSION = YES_AGGRESSIVE;
				CLANG_CXX_LANGUAGE_STANDARD = "gnu++14";
				CLANG_CXX_LIBRARY = "libc++";
				CLANG_ENABLE_MODULES = YES;
				CLANG_ENABLE_OBJC_ARC = YES;
				CLANG_ENABLE_OBJC_WEAK = YES;
				CLANG_WARN_BLOCK_CAPTURE_AUTORELEASING = YES;
				CLANG_WARN_BOOL_CONVERSION = YES;
				CLANG_WARN_COMMA = YES;
				CLANG_WARN_CONSTANT_CONVERSION = YES;
				CLANG_WARN_DEPRECATED_OBJC_IMPLEMENTATIONS = YES;
				CLANG_WARN_DIRECT_OBJC_ISA_USAGE = YES_ERROR;
				CLANG_WARN_DOCUMENTATION_COMMENTS = YES;
				CLANG_WARN_EMPTY_BODY = YES;
				CLANG_WARN_ENUM_CONVERSION = YES;
				CLANG_WARN_INFINITE_RECURSION = YES;
				CLANG_WARN_INT_CONVERSION = YES;
				CLANG_WARN_NON_LITERAL_NULL_CONVERSION = YES;
				CLANG_WARN_OBJC_IMPLICIT_RETAIN_SELF = YES;
				CLANG_WARN_OBJC_LITERAL_CONVERSION = YES;
				CLANG_WARN_OBJC_ROOT_CLASS = YES_ERROR;
				CLANG_WARN_RANGE_LOOP_ANALYSIS = YES;
				CLANG_WARN_STRICT_PROTOTYPES = YES;
				CLANG_WARN_SUSPICIOUS_MOVE = YES;
				CLANG_WARN_UNGUARDED_AVAILABILITY = YES_AGGRESSIVE;
				CLANG_WARN_UNREACHABLE_CODE = YES;
				CLANG_WARN__DUPLICATE_METHOD_MATCH = YES;
				CODE_SIGN_IDENTITY = "iPhone Developer";
				COPY_PHASE_STRIP = NO;
				DEBUG_INFORMATION_FORMAT = "dwarf-with-dsym";
				ENABLE_NS_ASSERTIONS = NO;
				ENABLE_STRICT_OBJC_MSGSEND = YES;
				GCC_C_LANGUAGE_STANDARD = gnu11;
				GCC_NO_COMMON_BLOCKS = YES;
				GCC_WARN_64_TO_32_BIT_CONVERSION = YES;
				GCC_WARN_ABOUT_RETURN_TYPE = YES_ERROR;
				GCC_WARN_UNDECLARED_SELECTOR = YES;
				GCC_WARN_UNINITIALIZED_AUTOS = YES_AGGRESSIVE;
				GCC_WARN_UNUSED_FUNCTION = YES;
				GCC_WARN_UNUSED_VARIABLE = YES;
				IPHONEOS_DEPLOYMENT_TARGET = 11.4;
				MTL_ENABLE_DEBUG_INFO = NO;
				SDKROOT = iphoneos;
				SWIFT_COMPILATION_MODE = wholemodule;
				SWIFT_OPTIMIZATION_LEVEL = "-O";
				VALIDATE_PRODUCT = YES;
			};
			name = Release;
		};
		55037B9F212E8F2D00E98033 /* Debug */ = {
			isa = XCBuildConfiguration;
			buildSettings = {
				ASSETCATALOG_COMPILER_APPICON_NAME = AppIcon;
				CODE_SIGN_STYLE = Automatic;
				DEVELOPMENT_TEAM = 4Z6U9FKXA9;
				INFOPLIST_FILE = MakeAList/Info.plist;
				LD_RUNPATH_SEARCH_PATHS = (
					"$(inherited)",
					"@executable_path/Frameworks",
				);
				PRODUCT_BUNDLE_IDENTIFIER = com.mobileandsmile.MakeAList;
				PRODUCT_NAME = "$(TARGET_NAME)";
				SWIFT_VERSION = 4.0;
				TARGETED_DEVICE_FAMILY = "1,2";
			};
			name = Debug;
		};
		55037BA0212E8F2D00E98033 /* Release */ = {
			isa = XCBuildConfiguration;
			buildSettings = {
				ASSETCATALOG_COMPILER_APPICON_NAME = AppIcon;
				CODE_SIGN_STYLE = Automatic;
				DEVELOPMENT_TEAM = 4Z6U9FKXA9;
				INFOPLIST_FILE = MakeAList/Info.plist;
				LD_RUNPATH_SEARCH_PATHS = (
					"$(inherited)",
					"@executable_path/Frameworks",
				);
				PRODUCT_BUNDLE_IDENTIFIER = com.mobileandsmile.MakeAList;
				PRODUCT_NAME = "$(TARGET_NAME)";
				SWIFT_VERSION = 4.0;
				TARGETED_DEVICE_FAMILY = "1,2";
			};
			name = Release;
		};
/* End XCBuildConfiguration section */

/* Begin XCConfigurationList section */
		55037B87212E8F2B00E98033 /* Build configuration list for PBXProject "MakeAList" */ = {
			isa = XCConfigurationList;
			buildConfigurations = (
				55037B9C212E8F2D00E98033 /* Debug */,
				55037B9D212E8F2D00E98033 /* Release */,
			);
			defaultConfigurationIsVisible = 0;
			defaultConfigurationName = Release;
		};
		55037B9E212E8F2D00E98033 /* Build configuration list for PBXNativeTarget "MakeAList" */ = {
			isa = XCConfigurationList;
			buildConfigurations = (
				55037B9F212E8F2D00E98033 /* Debug */,
				55037BA0212E8F2D00E98033 /* Release */,
			);
			defaultConfigurationIsVisible = 0;
			defaultConfigurationName = Release;
		};
/* End XCConfigurationList section */
	};
	rootObject = 55037B84212E8F2B00E98033 /* Project object */;
}
